// !$*UTF8*$!
{
	archiveVersion = 1;
	classes = {
	};
	objectVersion = 50;
	objects = {

/* Begin PBXBuildFile section */
		DA346BD52191590400EBF4CD /* SubtitleTableCellView.xib in Resources */ = {isa = PBXBuildFile; fileRef = DA346BD42191590400EBF4CD /* SubtitleTableCellView.xib */; };
		DA346BD921915E4E00EBF4CD /* SubtitleTableCellView.swift in Sources */ = {isa = PBXBuildFile; fileRef = DA346BD821915E4E00EBF4CD /* SubtitleTableCellView.swift */; };
		DA346BDB2193975F00EBF4CD /* StudentMatchByObjectiveCellView.swift in Sources */ = {isa = PBXBuildFile; fileRef = DA346BDA2193975F00EBF4CD /* StudentMatchByObjectiveCellView.swift */; };
		DA346BDD219397AC00EBF4CD /* StudentMatchByObjectiveCellView.xib in Resources */ = {isa = PBXBuildFile; fileRef = DA346BDC219397AC00EBF4CD /* StudentMatchByObjectiveCellView.xib */; };
		DA346BE121939BDB00EBF4CD /* IntelligentFeedbackController.swift in Sources */ = {isa = PBXBuildFile; fileRef = DA346BE021939BDB00EBF4CD /* IntelligentFeedbackController.swift */; };
		DA346BE32193CAEE00EBF4CD /* Backlog in Resources */ = {isa = PBXBuildFile; fileRef = DA346BE22193CAEE00EBF4CD /* Backlog */; };
		DA346BE72193CDEF00EBF4CD /* CBLSprint.swift in Sources */ = {isa = PBXBuildFile; fileRef = DA346BE62193CDEF00EBF4CD /* CBLSprint.swift */; };
		DA3DADB6218BEB870072126F /* AppDelegate.swift in Sources */ = {isa = PBXBuildFile; fileRef = DA3DADB5218BEB870072126F /* AppDelegate.swift */; };
		DA3DADB8218BEB870072126F /* ViewController.swift in Sources */ = {isa = PBXBuildFile; fileRef = DA3DADB7218BEB870072126F /* ViewController.swift */; };
		DA3DADBB218BEB870072126F /* StudentLearningObjectives.xcdatamodeld in Sources */ = {isa = PBXBuildFile; fileRef = DA3DADB9218BEB870072126F /* StudentLearningObjectives.xcdatamodeld */; };
		DA3DADBD218BEB890072126F /* Assets.xcassets in Resources */ = {isa = PBXBuildFile; fileRef = DA3DADBC218BEB890072126F /* Assets.xcassets */; };
		DA3DADC0218BEB890072126F /* Main.storyboard in Resources */ = {isa = PBXBuildFile; fileRef = DA3DADBE218BEB890072126F /* Main.storyboard */; };
		DA3DADCC218BEB890072126F /* StudentLearningObjectivesTests.swift in Sources */ = {isa = PBXBuildFile; fileRef = DA3DADCB218BEB890072126F /* StudentLearningObjectivesTests.swift */; };
		DA3DADD7218BEB890072126F /* StudentLearningObjectivesUITests.swift in Sources */ = {isa = PBXBuildFile; fileRef = DA3DADD6218BEB890072126F /* StudentLearningObjectivesUITests.swift */; };
		DA3DADE9218BEBAF0072126F /* LearningObjectivesTrainer.swift in Sources */ = {isa = PBXBuildFile; fileRef = DA3DADE4218BEBAE0072126F /* LearningObjectivesTrainer.swift */; };
		DA3DADEA218BEBAF0072126F /* StudentObjectiveLearningClassifier.swift in Sources */ = {isa = PBXBuildFile; fileRef = DA3DADE5218BEBAF0072126F /* StudentObjectiveLearningClassifier.swift */; };
		DA3DADEB218BEBAF0072126F /* StudentLearningObjective.swift in Sources */ = {isa = PBXBuildFile; fileRef = DA3DADE6218BEBAF0072126F /* StudentLearningObjective.swift */; };
		DA3DADEC218BEBAF0072126F /* Student.swift in Sources */ = {isa = PBXBuildFile; fileRef = DA3DADE7218BEBAF0072126F /* Student.swift */; };
		DA3DADED218BEBAF0072126F /* StudentLearningObjectiveTagger.swift in Sources */ = {isa = PBXBuildFile; fileRef = DA3DADE8218BEBAF0072126F /* StudentLearningObjectiveTagger.swift */; };
		DA3DADF5218BEBCF0072126F /* LearningObjectiveCellView.swift in Sources */ = {isa = PBXBuildFile; fileRef = DA3DADEE218BEBCE0072126F /* LearningObjectiveCellView.swift */; };
		DA3DADF7218BEBCF0072126F /* SnippetCellView.swift in Sources */ = {isa = PBXBuildFile; fileRef = DA3DADF0218BEBCE0072126F /* SnippetCellView.swift */; };
		DA3DADF8218BEBCF0072126F /* SnippetCellView.xib in Resources */ = {isa = PBXBuildFile; fileRef = DA3DADF1218BEBCE0072126F /* SnippetCellView.xib */; };
		DA3DADF9218BEBCF0072126F /* LearningObjectiveCellView.xib in Resources */ = {isa = PBXBuildFile; fileRef = DA3DADF2218BEBCE0072126F /* LearningObjectiveCellView.xib */; };
		DA3DADFB218BEBCF0072126F /* icons8-auditoria-50.png in Resources */ = {isa = PBXBuildFile; fileRef = DA3DADF4218BEBCF0072126F /* icons8-auditoria-50.png */; };
		DA3DADFD218BEC4C0072126F /* TrainingData in Resources */ = {isa = PBXBuildFile; fileRef = DA3DADFC218BEC4C0072126F /* TrainingData */; };
		DA3DAE00218BEC740072126F /* LearningObjectivesClassifier.mlmodel in Sources */ = {isa = PBXBuildFile; fileRef = DA3DADFE218BEC740072126F /* LearningObjectivesClassifier.mlmodel */; };
		DA3DAE01218BEC740072126F /* LearningObjectivesTagger.mlmodel in Sources */ = {isa = PBXBuildFile; fileRef = DA3DADFF218BEC740072126F /* LearningObjectivesTagger.mlmodel */; };
		DA82CB53219CA2EC0057F948 /* LearningObjectivesAreaClassifier.mlmodel in Sources */ = {isa = PBXBuildFile; fileRef = DA82CB52219CA2EC0057F948 /* LearningObjectivesAreaClassifier.mlmodel */; };
		DA82CB55219CF1DE0057F948 /* LearningObjectivesTopicsClassifier.mlmodel in Sources */ = {isa = PBXBuildFile; fileRef = DA82CB54219CF1DD0057F948 /* LearningObjectivesTopicsClassifier.mlmodel */; };
		DA82CB58219CF39E0057F948 /* LearningObjectivesClassifierTraining.csv in Resources */ = {isa = PBXBuildFile; fileRef = DA82CB57219CF39E0057F948 /* LearningObjectivesClassifierTraining.csv */; };
		DA82CB5A219DDBB10057F948 /* Team.swift in Sources */ = {isa = PBXBuildFile; fileRef = DA82CB59219DDBB10057F948 /* Team.swift */; };
		DA82CB5D219F4F8C0057F948 /* CBLSprintDataModel.xcdatamodeld in Sources */ = {isa = PBXBuildFile; fileRef = DA82CB5B219F4F8C0057F948 /* CBLSprintDataModel.xcdatamodeld */; };
		DA82CB60219F54EE0057F948 /* CloudKit.framework in Frameworks */ = {isa = PBXBuildFile; fileRef = DA82CB5F219F54EE0057F948 /* CloudKit.framework */; };
		DADFDAD621A98EE500F20101 /* CBLCourse.swift in Sources */ = {isa = PBXBuildFile; fileRef = DADFDAD521A98EE500F20101 /* CBLCourse.swift */; };
/* End PBXBuildFile section */

/* Begin PBXContainerItemProxy section */
		DA3DADC8218BEB890072126F /* PBXContainerItemProxy */ = {
			isa = PBXContainerItemProxy;
			containerPortal = DA3DADAA218BEB870072126F /* Project object */;
			proxyType = 1;
			remoteGlobalIDString = DA3DADB1218BEB870072126F;
			remoteInfo = StudentLearningObjectives;
		};
		DA3DADD3218BEB890072126F /* PBXContainerItemProxy */ = {
			isa = PBXContainerItemProxy;
			containerPortal = DA3DADAA218BEB870072126F /* Project object */;
			proxyType = 1;
			remoteGlobalIDString = DA3DADB1218BEB870072126F;
			remoteInfo = StudentLearningObjectives;
		};
/* End PBXContainerItemProxy section */

/* Begin PBXFileReference section */
		DA346BD42191590400EBF4CD /* SubtitleTableCellView.xib */ = {isa = PBXFileReference; lastKnownFileType = file.xib; path = SubtitleTableCellView.xib; sourceTree = "<group>"; };
		DA346BD821915E4E00EBF4CD /* SubtitleTableCellView.swift */ = {isa = PBXFileReference; lastKnownFileType = sourcecode.swift; path = SubtitleTableCellView.swift; sourceTree = "<group>"; };
		DA346BDA2193975F00EBF4CD /* StudentMatchByObjectiveCellView.swift */ = {isa = PBXFileReference; lastKnownFileType = sourcecode.swift; name = StudentMatchByObjectiveCellView.swift; path = StudentMatchView/StudentMatchByObjectiveCellView.swift; sourceTree = "<group>"; };
		DA346BDC219397AC00EBF4CD /* StudentMatchByObjectiveCellView.xib */ = {isa = PBXFileReference; lastKnownFileType = file.xib; path = StudentMatchByObjectiveCellView.xib; sourceTree = "<group>"; };
		DA346BE021939BDB00EBF4CD /* IntelligentFeedbackController.swift */ = {isa = PBXFileReference; lastKnownFileType = sourcecode.swift; path = IntelligentFeedbackController.swift; sourceTree = "<group>"; };
		DA346BE22193CAEE00EBF4CD /* Backlog */ = {isa = PBXFileReference; lastKnownFileType = text; path = Backlog; sourceTree = "<group>"; };
		DA346BE62193CDEF00EBF4CD /* CBLSprint.swift */ = {isa = PBXFileReference; lastKnownFileType = sourcecode.swift; path = CBLSprint.swift; sourceTree = "<group>"; };
		DA3DADB2218BEB870072126F /* StudentLearningObjectives.app */ = {isa = PBXFileReference; explicitFileType = wrapper.application; includeInIndex = 0; path = StudentLearningObjectives.app; sourceTree = BUILT_PRODUCTS_DIR; };
		DA3DADB5218BEB870072126F /* AppDelegate.swift */ = {isa = PBXFileReference; lastKnownFileType = sourcecode.swift; path = AppDelegate.swift; sourceTree = "<group>"; };
		DA3DADB7218BEB870072126F /* ViewController.swift */ = {isa = PBXFileReference; lastKnownFileType = sourcecode.swift; path = ViewController.swift; sourceTree = "<group>"; };
		DA3DADBA218BEB870072126F /* StudentLearningObjectives.xcdatamodel */ = {isa = PBXFileReference; lastKnownFileType = wrapper.xcdatamodel; path = StudentLearningObjectives.xcdatamodel; sourceTree = "<group>"; };
		DA3DADBC218BEB890072126F /* Assets.xcassets */ = {isa = PBXFileReference; lastKnownFileType = folder.assetcatalog; path = Assets.xcassets; sourceTree = "<group>"; };
		DA3DADBF218BEB890072126F /* Base */ = {isa = PBXFileReference; lastKnownFileType = file.storyboard; name = Base; path = Base.lproj/Main.storyboard; sourceTree = "<group>"; };
		DA3DADC1218BEB890072126F /* Info.plist */ = {isa = PBXFileReference; lastKnownFileType = text.plist.xml; path = Info.plist; sourceTree = "<group>"; };
		DA3DADC2218BEB890072126F /* StudentLearningObjectives.entitlements */ = {isa = PBXFileReference; lastKnownFileType = text.plist.entitlements; path = StudentLearningObjectives.entitlements; sourceTree = "<group>"; };
		DA3DADC7218BEB890072126F /* StudentLearningObjectivesTests.xctest */ = {isa = PBXFileReference; explicitFileType = wrapper.cfbundle; includeInIndex = 0; path = StudentLearningObjectivesTests.xctest; sourceTree = BUILT_PRODUCTS_DIR; };
		DA3DADCB218BEB890072126F /* StudentLearningObjectivesTests.swift */ = {isa = PBXFileReference; lastKnownFileType = sourcecode.swift; path = StudentLearningObjectivesTests.swift; sourceTree = "<group>"; };
		DA3DADCD218BEB890072126F /* Info.plist */ = {isa = PBXFileReference; lastKnownFileType = text.plist.xml; path = Info.plist; sourceTree = "<group>"; };
		DA3DADD2218BEB890072126F /* StudentLearningObjectivesUITests.xctest */ = {isa = PBXFileReference; explicitFileType = wrapper.cfbundle; includeInIndex = 0; path = StudentLearningObjectivesUITests.xctest; sourceTree = BUILT_PRODUCTS_DIR; };
		DA3DADD6218BEB890072126F /* StudentLearningObjectivesUITests.swift */ = {isa = PBXFileReference; lastKnownFileType = sourcecode.swift; path = StudentLearningObjectivesUITests.swift; sourceTree = "<group>"; };
		DA3DADD8218BEB890072126F /* Info.plist */ = {isa = PBXFileReference; lastKnownFileType = text.plist.xml; path = Info.plist; sourceTree = "<group>"; };
		DA3DADE4218BEBAE0072126F /* LearningObjectivesTrainer.swift */ = {isa = PBXFileReference; fileEncoding = 4; lastKnownFileType = sourcecode.swift; path = LearningObjectivesTrainer.swift; sourceTree = "<group>"; };
		DA3DADE5218BEBAF0072126F /* StudentObjectiveLearningClassifier.swift */ = {isa = PBXFileReference; fileEncoding = 4; lastKnownFileType = sourcecode.swift; path = StudentObjectiveLearningClassifier.swift; sourceTree = "<group>"; };
		DA3DADE6218BEBAF0072126F /* StudentLearningObjective.swift */ = {isa = PBXFileReference; fileEncoding = 4; lastKnownFileType = sourcecode.swift; path = StudentLearningObjective.swift; sourceTree = "<group>"; };
		DA3DADE7218BEBAF0072126F /* Student.swift */ = {isa = PBXFileReference; fileEncoding = 4; lastKnownFileType = sourcecode.swift; path = Student.swift; sourceTree = "<group>"; };
		DA3DADE8218BEBAF0072126F /* StudentLearningObjectiveTagger.swift */ = {isa = PBXFileReference; fileEncoding = 4; lastKnownFileType = sourcecode.swift; path = StudentLearningObjectiveTagger.swift; sourceTree = "<group>"; };
		DA3DADEE218BEBCE0072126F /* LearningObjectiveCellView.swift */ = {isa = PBXFileReference; fileEncoding = 4; lastKnownFileType = sourcecode.swift; path = LearningObjectiveCellView.swift; sourceTree = "<group>"; };
		DA3DADF0218BEBCE0072126F /* SnippetCellView.swift */ = {isa = PBXFileReference; fileEncoding = 4; lastKnownFileType = sourcecode.swift; path = SnippetCellView.swift; sourceTree = "<group>"; };
		DA3DADF1218BEBCE0072126F /* SnippetCellView.xib */ = {isa = PBXFileReference; fileEncoding = 4; lastKnownFileType = file.xib; path = SnippetCellView.xib; sourceTree = "<group>"; };
		DA3DADF2218BEBCE0072126F /* LearningObjectiveCellView.xib */ = {isa = PBXFileReference; fileEncoding = 4; lastKnownFileType = file.xib; path = LearningObjectiveCellView.xib; sourceTree = "<group>"; };
		DA3DADF4218BEBCF0072126F /* icons8-auditoria-50.png */ = {isa = PBXFileReference; lastKnownFileType = image.png; path = "icons8-auditoria-50.png"; sourceTree = "<group>"; };
		DA3DADFC218BEC4C0072126F /* TrainingData */ = {isa = PBXFileReference; lastKnownFileType = folder; path = TrainingData; sourceTree = "<group>"; };
		DA3DADFE218BEC740072126F /* LearningObjectivesClassifier.mlmodel */ = {isa = PBXFileReference; lastKnownFileType = file.mlmodel; path = LearningObjectivesClassifier.mlmodel; sourceTree = "<group>"; };
		DA3DADFF218BEC740072126F /* LearningObjectivesTagger.mlmodel */ = {isa = PBXFileReference; lastKnownFileType = file.mlmodel; path = LearningObjectivesTagger.mlmodel; sourceTree = "<group>"; };
		DA82CB52219CA2EC0057F948 /* LearningObjectivesAreaClassifier.mlmodel */ = {isa = PBXFileReference; lastKnownFileType = file.mlmodel; path = LearningObjectivesAreaClassifier.mlmodel; sourceTree = "<group>"; };
		DA82CB54219CF1DD0057F948 /* LearningObjectivesTopicsClassifier.mlmodel */ = {isa = PBXFileReference; lastKnownFileType = file.mlmodel; path = LearningObjectivesTopicsClassifier.mlmodel; sourceTree = "<group>"; };
		DA82CB56219CF3840057F948 /* LearningObjectivesTagger.json */ = {isa = PBXFileReference; lastKnownFileType = text.json; path = LearningObjectivesTagger.json; sourceTree = "<group>"; };
		DA82CB57219CF39E0057F948 /* LearningObjectivesClassifierTraining.csv */ = {isa = PBXFileReference; fileEncoding = 4; lastKnownFileType = text; path = LearningObjectivesClassifierTraining.csv; sourceTree = "<group>"; };
		DA82CB59219DDBB10057F948 /* Team.swift */ = {isa = PBXFileReference; lastKnownFileType = sourcecode.swift; path = Team.swift; sourceTree = "<group>"; };
		DA82CB5C219F4F8C0057F948 /* CBLSprintDataModel.xcdatamodel */ = {isa = PBXFileReference; lastKnownFileType = wrapper.xcdatamodel; path = CBLSprintDataModel.xcdatamodel; sourceTree = "<group>"; };
		DA82CB5F219F54EE0057F948 /* CloudKit.framework */ = {isa = PBXFileReference; lastKnownFileType = wrapper.framework; name = CloudKit.framework; path = System/Library/Frameworks/CloudKit.framework; sourceTree = SDKROOT; };
		DADFDAD521A98EE500F20101 /* CBLCourse.swift */ = {isa = PBXFileReference; lastKnownFileType = sourcecode.swift; path = CBLCourse.swift; sourceTree = "<group>"; };
/* End PBXFileReference section */

/* Begin PBXFrameworksBuildPhase section */
		DA3DADAF218BEB870072126F /* Frameworks */ = {
			isa = PBXFrameworksBuildPhase;
			buildActionMask = 2147483647;
			files = (
				DA82CB60219F54EE0057F948 /* CloudKit.framework in Frameworks */,
			);
			runOnlyForDeploymentPostprocessing = 0;
		};
		DA3DADC4218BEB890072126F /* Frameworks */ = {
			isa = PBXFrameworksBuildPhase;
			buildActionMask = 2147483647;
			files = (
			);
			runOnlyForDeploymentPostprocessing = 0;
		};
		DA3DADCF218BEB890072126F /* Frameworks */ = {
			isa = PBXFrameworksBuildPhase;
			buildActionMask = 2147483647;
			files = (
			);
			runOnlyForDeploymentPostprocessing = 0;
		};
/* End PBXFrameworksBuildPhase section */

/* Begin PBXGroup section */
		DA346BE42193CBD000EBF4CD /* Classifier */ = {
			isa = PBXGroup;
			children = (
				DA3DADE8218BEBAF0072126F /* StudentLearningObjectiveTagger.swift */,
				DA3DADE5218BEBAF0072126F /* StudentObjectiveLearningClassifier.swift */,
				DA3DADE4218BEBAE0072126F /* LearningObjectivesTrainer.swift */,
			);
			path = Classifier;
			sourceTree = "<group>";
		};
		DA346BE52193CD3C00EBF4CD /* StudentModel */ = {
			isa = PBXGroup;
			children = (
				DA346BE62193CDEF00EBF4CD /* CBLSprint.swift */,
				DADFDAD521A98EE500F20101 /* CBLCourse.swift */,
				DA3DADE7218BEBAF0072126F /* Student.swift */,
				DA3DADE6218BEBAF0072126F /* StudentLearningObjective.swift */,
			);
			path = StudentModel;
			sourceTree = "<group>";
		};
		DA3DADA9218BEB870072126F = {
			isa = PBXGroup;
			children = (
				DA346BE22193CAEE00EBF4CD /* Backlog */,
				DA346BE42193CBD000EBF4CD /* Classifier */,
				DA346BE52193CD3C00EBF4CD /* StudentModel */,
				DA3DADB4218BEB870072126F /* StudentLearningObjectives */,
				DA3DADCA218BEB890072126F /* StudentLearningObjectivesTests */,
				DA3DADD5218BEB890072126F /* StudentLearningObjectivesUITests */,
				DA3DADB3218BEB870072126F /* Products */,
				DA82CB5E219F54EE0057F948 /* Frameworks */,
			);
			sourceTree = "<group>";
		};
		DA3DADB3218BEB870072126F /* Products */ = {
			isa = PBXGroup;
			children = (
				DA3DADB2218BEB870072126F /* StudentLearningObjectives.app */,
				DA3DADC7218BEB890072126F /* StudentLearningObjectivesTests.xctest */,
				DA3DADD2218BEB890072126F /* StudentLearningObjectivesUITests.xctest */,
			);
			name = Products;
			sourceTree = "<group>";
		};
		DA3DADB4218BEB870072126F /* StudentLearningObjectives */ = {
			isa = PBXGroup;
			children = (
				DA3DADB5218BEB870072126F /* AppDelegate.swift */,
				DA3DADB7218BEB870072126F /* ViewController.swift */,
				DA82CB59219DDBB10057F948 /* Team.swift */,
				DA3DADEE218BEBCE0072126F /* LearningObjectiveCellView.swift */,
				DA3DADF2218BEBCE0072126F /* LearningObjectiveCellView.xib */,
				DA346BD42191590400EBF4CD /* SubtitleTableCellView.xib */,
				DA346BD821915E4E00EBF4CD /* SubtitleTableCellView.swift */,
				DA3DADF0218BEBCE0072126F /* SnippetCellView.swift */,
				DA3DADF1218BEBCE0072126F /* SnippetCellView.xib */,
				DA346BDA2193975F00EBF4CD /* StudentMatchByObjectiveCellView.swift */,
				DA346BDC219397AC00EBF4CD /* StudentMatchByObjectiveCellView.xib */,
				DA3DADBE218BEB890072126F /* Main.storyboard */,
				DA82CB5B219F4F8C0057F948 /* CBLSprintDataModel.xcdatamodeld */,
				DA346BE021939BDB00EBF4CD /* IntelligentFeedbackController.swift */,
				DA3DADFC218BEC4C0072126F /* TrainingData */,
				DA3DADBC218BEB890072126F /* Assets.xcassets */,
				DA3DADF4218BEBCF0072126F /* icons8-auditoria-50.png */,
				DA82CB56219CF3840057F948 /* LearningObjectivesTagger.json */,
				DA82CB57219CF39E0057F948 /* LearningObjectivesClassifierTraining.csv */,
				DA3DADFE218BEC740072126F /* LearningObjectivesClassifier.mlmodel */,
				DA82CB52219CA2EC0057F948 /* LearningObjectivesAreaClassifier.mlmodel */,
				DA3DADFF218BEC740072126F /* LearningObjectivesTagger.mlmodel */,
				DA82CB54219CF1DD0057F948 /* LearningObjectivesTopicsClassifier.mlmodel */,
				DA3DADC1218BEB890072126F /* Info.plist */,
				DA3DADC2218BEB890072126F /* StudentLearningObjectives.entitlements */,
				DA3DADB9218BEB870072126F /* StudentLearningObjectives.xcdatamodeld */,
			);
			path = StudentLearningObjectives;
			sourceTree = "<group>";
		};
		DA3DADCA218BEB890072126F /* StudentLearningObjectivesTests */ = {
			isa = PBXGroup;
			children = (
				DA3DADCB218BEB890072126F /* StudentLearningObjectivesTests.swift */,
				DA3DADCD218BEB890072126F /* Info.plist */,
			);
			path = StudentLearningObjectivesTests;
			sourceTree = "<group>";
		};
		DA3DADD5218BEB890072126F /* StudentLearningObjectivesUITests */ = {
			isa = PBXGroup;
			children = (
				DA3DADD6218BEB890072126F /* StudentLearningObjectivesUITests.swift */,
				DA3DADD8218BEB890072126F /* Info.plist */,
			);
			path = StudentLearningObjectivesUITests;
			sourceTree = "<group>";
		};
		DA82CB5E219F54EE0057F948 /* Frameworks */ = {
			isa = PBXGroup;
			children = (
				DA82CB5F219F54EE0057F948 /* CloudKit.framework */,
			);
			name = Frameworks;
			sourceTree = "<group>";
		};
/* End PBXGroup section */

/* Begin PBXNativeTarget section */
		DA3DADB1218BEB870072126F /* StudentLearningObjectives */ = {
			isa = PBXNativeTarget;
			buildConfigurationList = DA3DADDB218BEB890072126F /* Build configuration list for PBXNativeTarget "StudentLearningObjectives" */;
			buildPhases = (
				DA3DADAE218BEB870072126F /* Sources */,
				DA3DADAF218BEB870072126F /* Frameworks */,
				DA3DADB0218BEB870072126F /* Resources */,
			);
			buildRules = (
			);
			dependencies = (
			);
			name = StudentLearningObjectives;
			productName = StudentLearningObjectives;
			productReference = DA3DADB2218BEB870072126F /* StudentLearningObjectives.app */;
			productType = "com.apple.product-type.application";
		};
		DA3DADC6218BEB890072126F /* StudentLearningObjectivesTests */ = {
			isa = PBXNativeTarget;
			buildConfigurationList = DA3DADDE218BEB890072126F /* Build configuration list for PBXNativeTarget "StudentLearningObjectivesTests" */;
			buildPhases = (
				DA3DADC3218BEB890072126F /* Sources */,
				DA3DADC4218BEB890072126F /* Frameworks */,
				DA3DADC5218BEB890072126F /* Resources */,
			);
			buildRules = (
			);
			dependencies = (
				DA3DADC9218BEB890072126F /* PBXTargetDependency */,
			);
			name = StudentLearningObjectivesTests;
			productName = StudentLearningObjectivesTests;
			productReference = DA3DADC7218BEB890072126F /* StudentLearningObjectivesTests.xctest */;
			productType = "com.apple.product-type.bundle.unit-test";
		};
		DA3DADD1218BEB890072126F /* StudentLearningObjectivesUITests */ = {
			isa = PBXNativeTarget;
			buildConfigurationList = DA3DADE1218BEB890072126F /* Build configuration list for PBXNativeTarget "StudentLearningObjectivesUITests" */;
			buildPhases = (
				DA3DADCE218BEB890072126F /* Sources */,
				DA3DADCF218BEB890072126F /* Frameworks */,
				DA3DADD0218BEB890072126F /* Resources */,
			);
			buildRules = (
			);
			dependencies = (
				DA3DADD4218BEB890072126F /* PBXTargetDependency */,
			);
			name = StudentLearningObjectivesUITests;
			productName = StudentLearningObjectivesUITests;
			productReference = DA3DADD2218BEB890072126F /* StudentLearningObjectivesUITests.xctest */;
			productType = "com.apple.product-type.bundle.ui-testing";
		};
/* End PBXNativeTarget section */

/* Begin PBXProject section */
		DA3DADAA218BEB870072126F /* Project object */ = {
			isa = PBXProject;
			attributes = {
				LastSwiftUpdateCheck = 1010;
				LastUpgradeCheck = 1010;
				ORGANIZATIONNAME = "Cristiano Araújo";
				TargetAttributes = {
					DA3DADB1218BEB870072126F = {
						CreatedOnToolsVersion = 10.1;
						SystemCapabilities = {
							com.apple.Push = {
								enabled = 1;
							};
							com.apple.iCloud = {
								enabled = 1;
							};
						};
					};
					DA3DADC6218BEB890072126F = {
						CreatedOnToolsVersion = 10.1;
						TestTargetID = DA3DADB1218BEB870072126F;
					};
					DA3DADD1218BEB890072126F = {
						CreatedOnToolsVersion = 10.1;
						TestTargetID = DA3DADB1218BEB870072126F;
					};
				};
			};
			buildConfigurationList = DA3DADAD218BEB870072126F /* Build configuration list for PBXProject "StudentLearningObjectives" */;
			compatibilityVersion = "Xcode 9.3";
			developmentRegion = en;
			hasScannedForEncodings = 0;
			knownRegions = (
				en,
				Base,
			);
			mainGroup = DA3DADA9218BEB870072126F;
			productRefGroup = DA3DADB3218BEB870072126F /* Products */;
			projectDirPath = "";
			projectRoot = "";
			targets = (
				DA3DADB1218BEB870072126F /* StudentLearningObjectives */,
				DA3DADC6218BEB890072126F /* StudentLearningObjectivesTests */,
				DA3DADD1218BEB890072126F /* StudentLearningObjectivesUITests */,
			);
		};
/* End PBXProject section */

/* Begin PBXResourcesBuildPhase section */
		DA3DADB0218BEB870072126F /* Resources */ = {
			isa = PBXResourcesBuildPhase;
			buildActionMask = 2147483647;
			files = (
				DA3DADBD218BEB890072126F /* Assets.xcassets in Resources */,
				DA82CB58219CF39E0057F948 /* LearningObjectivesClassifierTraining.csv in Resources */,
				DA3DADF9218BEBCF0072126F /* LearningObjectiveCellView.xib in Resources */,
				DA346BDD219397AC00EBF4CD /* StudentMatchByObjectiveCellView.xib in Resources */,
				DA3DADFD218BEC4C0072126F /* TrainingData in Resources */,
				DA346BD52191590400EBF4CD /* SubtitleTableCellView.xib in Resources */,
				DA3DADC0218BEB890072126F /* Main.storyboard in Resources */,
				DA346BE32193CAEE00EBF4CD /* Backlog in Resources */,
				DA3DADF8218BEBCF0072126F /* SnippetCellView.xib in Resources */,
				DA3DADFB218BEBCF0072126F /* icons8-auditoria-50.png in Resources */,
			);
			runOnlyForDeploymentPostprocessing = 0;
		};
		DA3DADC5218BEB890072126F /* Resources */ = {
			isa = PBXResourcesBuildPhase;
			buildActionMask = 2147483647;
			files = (
			);
			runOnlyForDeploymentPostprocessing = 0;
		};
		DA3DADD0218BEB890072126F /* Resources */ = {
			isa = PBXResourcesBuildPhase;
			buildActionMask = 2147483647;
			files = (
			);
			runOnlyForDeploymentPostprocessing = 0;
		};
/* End PBXResourcesBuildPhase section */

/* Begin PBXSourcesBuildPhase section */
		DA3DADAE218BEB870072126F /* Sources */ = {
			isa = PBXSourcesBuildPhase;
			buildActionMask = 2147483647;
			files = (
				DA3DADF5218BEBCF0072126F /* LearningObjectiveCellView.swift in Sources */,
				DADFDAD621A98EE500F20101 /* CBLCourse.swift in Sources */,
				DA3DADB8218BEB870072126F /* ViewController.swift in Sources */,
				DA82CB5A219DDBB10057F948 /* Team.swift in Sources */,
				DA3DADF7218BEBCF0072126F /* SnippetCellView.swift in Sources */,
				DA346BDB2193975F00EBF4CD /* StudentMatchByObjectiveCellView.swift in Sources */,
				DA82CB53219CA2EC0057F948 /* LearningObjectivesAreaClassifier.mlmodel in Sources */,
				DA82CB55219CF1DE0057F948 /* LearningObjectivesTopicsClassifier.mlmodel in Sources */,
				DA3DADE9218BEBAF0072126F /* LearningObjectivesTrainer.swift in Sources */,
				DA346BE121939BDB00EBF4CD /* IntelligentFeedbackController.swift in Sources */,
				DA346BD921915E4E00EBF4CD /* SubtitleTableCellView.swift in Sources */,
				DA3DADB6218BEB870072126F /* AppDelegate.swift in Sources */,
				DA3DADED218BEBAF0072126F /* StudentLearningObjectiveTagger.swift in Sources */,
				DA3DADBB218BEB870072126F /* StudentLearningObjectives.xcdatamodeld in Sources */,
				DA3DAE01218BEC740072126F /* LearningObjectivesTagger.mlmodel in Sources */,
				DA346BE72193CDEF00EBF4CD /* CBLSprint.swift in Sources */,
				DA3DADEA218BEBAF0072126F /* StudentObjectiveLearningClassifier.swift in Sources */,
				DA3DADEC218BEBAF0072126F /* Student.swift in Sources */,
				DA3DADEB218BEBAF0072126F /* StudentLearningObjective.swift in Sources */,
				DA3DAE00218BEC740072126F /* LearningObjectivesClassifier.mlmodel in Sources */,
				DA82CB5D219F4F8C0057F948 /* CBLSprintDataModel.xcdatamodeld in Sources */,
			);
			runOnlyForDeploymentPostprocessing = 0;
		};
		DA3DADC3218BEB890072126F /* Sources */ = {
			isa = PBXSourcesBuildPhase;
			buildActionMask = 2147483647;
			files = (
				DA3DADCC218BEB890072126F /* StudentLearningObjectivesTests.swift in Sources */,
			);
			runOnlyForDeploymentPostprocessing = 0;
		};
		DA3DADCE218BEB890072126F /* Sources */ = {
			isa = PBXSourcesBuildPhase;
			buildActionMask = 2147483647;
			files = (
				DA3DADD7218BEB890072126F /* StudentLearningObjectivesUITests.swift in Sources */,
			);
			runOnlyForDeploymentPostprocessing = 0;
		};
/* End PBXSourcesBuildPhase section */

/* Begin PBXTargetDependency section */
		DA3DADC9218BEB890072126F /* PBXTargetDependency */ = {
			isa = PBXTargetDependency;
			target = DA3DADB1218BEB870072126F /* StudentLearningObjectives */;
			targetProxy = DA3DADC8218BEB890072126F /* PBXContainerItemProxy */;
		};
		DA3DADD4218BEB890072126F /* PBXTargetDependency */ = {
			isa = PBXTargetDependency;
			target = DA3DADB1218BEB870072126F /* StudentLearningObjectives */;
			targetProxy = DA3DADD3218BEB890072126F /* PBXContainerItemProxy */;
		};
/* End PBXTargetDependency section */

/* Begin PBXVariantGroup section */
		DA3DADBE218BEB890072126F /* Main.storyboard */ = {
			isa = PBXVariantGroup;
			children = (
				DA3DADBF218BEB890072126F /* Base */,
			);
			name = Main.storyboard;
			sourceTree = "<group>";
		};
/* End PBXVariantGroup section */

/* Begin XCBuildConfiguration section */
		DA3DADD9218BEB890072126F /* Debug */ = {
			isa = XCBuildConfiguration;
			buildSettings = {
				ALWAYS_SEARCH_USER_PATHS = NO;
				CLANG_ANALYZER_NONNULL = YES;
				CLANG_ANALYZER_NUMBER_OBJECT_CONVERSION = YES_AGGRESSIVE;
				CLANG_CXX_LANGUAGE_STANDARD = "gnu++14";
				CLANG_CXX_LIBRARY = "libc++";
				CLANG_ENABLE_MODULES = YES;
				CLANG_ENABLE_OBJC_ARC = YES;
				CLANG_ENABLE_OBJC_WEAK = YES;
				CLANG_WARN_BLOCK_CAPTURE_AUTORELEASING = YES;
				CLANG_WARN_BOOL_CONVERSION = YES;
				CLANG_WARN_COMMA = YES;
				CLANG_WARN_CONSTANT_CONVERSION = YES;
				CLANG_WARN_DEPRECATED_OBJC_IMPLEMENTATIONS = YES;
				CLANG_WARN_DIRECT_OBJC_ISA_USAGE = YES_ERROR;
				CLANG_WARN_DOCUMENTATION_COMMENTS = YES;
				CLANG_WARN_EMPTY_BODY = YES;
				CLANG_WARN_ENUM_CONVERSION = YES;
				CLANG_WARN_INFINITE_RECURSION = YES;
				CLANG_WARN_INT_CONVERSION = YES;
				CLANG_WARN_NON_LITERAL_NULL_CONVERSION = YES;
				CLANG_WARN_OBJC_IMPLICIT_RETAIN_SELF = YES;
				CLANG_WARN_OBJC_LITERAL_CONVERSION = YES;
				CLANG_WARN_OBJC_ROOT_CLASS = YES_ERROR;
				CLANG_WARN_RANGE_LOOP_ANALYSIS = YES;
				CLANG_WARN_STRICT_PROTOTYPES = YES;
				CLANG_WARN_SUSPICIOUS_MOVE = YES;
				CLANG_WARN_UNGUARDED_AVAILABILITY = YES_AGGRESSIVE;
				CLANG_WARN_UNREACHABLE_CODE = YES;
				CLANG_WARN__DUPLICATE_METHOD_MATCH = YES;
				CODE_SIGN_IDENTITY = "Mac Developer";
				COPY_PHASE_STRIP = NO;
				DEBUG_INFORMATION_FORMAT = dwarf;
				ENABLE_STRICT_OBJC_MSGSEND = YES;
				ENABLE_TESTABILITY = YES;
				GCC_C_LANGUAGE_STANDARD = gnu11;
				GCC_DYNAMIC_NO_PIC = NO;
				GCC_NO_COMMON_BLOCKS = YES;
				GCC_OPTIMIZATION_LEVEL = 0;
				GCC_PREPROCESSOR_DEFINITIONS = (
					"DEBUG=1",
					"$(inherited)",
				);
				GCC_WARN_64_TO_32_BIT_CONVERSION = YES;
				GCC_WARN_ABOUT_RETURN_TYPE = YES_ERROR;
				GCC_WARN_UNDECLARED_SELECTOR = YES;
				GCC_WARN_UNINITIALIZED_AUTOS = YES_AGGRESSIVE;
				GCC_WARN_UNUSED_FUNCTION = YES;
				GCC_WARN_UNUSED_VARIABLE = YES;
				MACOSX_DEPLOYMENT_TARGET = 10.14;
				MTL_ENABLE_DEBUG_INFO = INCLUDE_SOURCE;
				MTL_FAST_MATH = YES;
				ONLY_ACTIVE_ARCH = YES;
				SDKROOT = macosx;
				SWIFT_ACTIVE_COMPILATION_CONDITIONS = DEBUG;
				SWIFT_OPTIMIZATION_LEVEL = "-Onone";
			};
			name = Debug;
		};
		DA3DADDA218BEB890072126F /* Release */ = {
			isa = XCBuildConfiguration;
			buildSettings = {
				ALWAYS_SEARCH_USER_PATHS = NO;
				CLANG_ANALYZER_NONNULL = YES;
				CLANG_ANALYZER_NUMBER_OBJECT_CONVERSION = YES_AGGRESSIVE;
				CLANG_CXX_LANGUAGE_STANDARD = "gnu++14";
				CLANG_CXX_LIBRARY = "libc++";
				CLANG_ENABLE_MODULES = YES;
				CLANG_ENABLE_OBJC_ARC = YES;
				CLANG_ENABLE_OBJC_WEAK = YES;
				CLANG_WARN_BLOCK_CAPTURE_AUTORELEASING = YES;
				CLANG_WARN_BOOL_CONVERSION = YES;
				CLANG_WARN_COMMA = YES;
				CLANG_WARN_CONSTANT_CONVERSION = YES;
				CLANG_WARN_DEPRECATED_OBJC_IMPLEMENTATIONS = YES;
				CLANG_WARN_DIRECT_OBJC_ISA_USAGE = YES_ERROR;
				CLANG_WARN_DOCUMENTATION_COMMENTS = YES;
				CLANG_WARN_EMPTY_BODY = YES;
				CLANG_WARN_ENUM_CONVERSION = YES;
				CLANG_WARN_INFINITE_RECURSION = YES;
				CLANG_WARN_INT_CONVERSION = YES;
				CLANG_WARN_NON_LITERAL_NULL_CONVERSION = YES;
				CLANG_WARN_OBJC_IMPLICIT_RETAIN_SELF = YES;
				CLANG_WARN_OBJC_LITERAL_CONVERSION = YES;
				CLANG_WARN_OBJC_ROOT_CLASS = YES_ERROR;
				CLANG_WARN_RANGE_LOOP_ANALYSIS = YES;
				CLANG_WARN_STRICT_PROTOTYPES = YES;
				CLANG_WARN_SUSPICIOUS_MOVE = YES;
				CLANG_WARN_UNGUARDED_AVAILABILITY = YES_AGGRESSIVE;
				CLANG_WARN_UNREACHABLE_CODE = YES;
				CLANG_WARN__DUPLICATE_METHOD_MATCH = YES;
				CODE_SIGN_IDENTITY = "Mac Developer";
				COPY_PHASE_STRIP = NO;
				DEBUG_INFORMATION_FORMAT = "dwarf-with-dsym";
				ENABLE_NS_ASSERTIONS = NO;
				ENABLE_STRICT_OBJC_MSGSEND = YES;
				GCC_C_LANGUAGE_STANDARD = gnu11;
				GCC_NO_COMMON_BLOCKS = YES;
				GCC_WARN_64_TO_32_BIT_CONVERSION = YES;
				GCC_WARN_ABOUT_RETURN_TYPE = YES_ERROR;
				GCC_WARN_UNDECLARED_SELECTOR = YES;
				GCC_WARN_UNINITIALIZED_AUTOS = YES_AGGRESSIVE;
				GCC_WARN_UNUSED_FUNCTION = YES;
				GCC_WARN_UNUSED_VARIABLE = YES;
				MACOSX_DEPLOYMENT_TARGET = 10.14;
				MTL_ENABLE_DEBUG_INFO = NO;
				MTL_FAST_MATH = YES;
				SDKROOT = macosx;
				SWIFT_COMPILATION_MODE = wholemodule;
				SWIFT_OPTIMIZATION_LEVEL = "-O";
			};
			name = Release;
		};
		DA3DADDC218BEB890072126F /* Debug */ = {
			isa = XCBuildConfiguration;
			buildSettings = {
				ASSETCATALOG_COMPILER_APPICON_NAME = AppIcon;
				CODE_SIGN_ENTITLEMENTS = StudentLearningObjectives/StudentLearningObjectives.entitlements;
				CODE_SIGN_STYLE = Automatic;
				COMBINE_HIDPI_IMAGES = YES;
				DEVELOPMENT_TEAM = W9776K89F4;
				INFOPLIST_FILE = StudentLearningObjectives/Info.plist;
				LD_RUNPATH_SEARCH_PATHS = (
					"$(inherited)",
					"@executable_path/../Frameworks",
				);
				PRODUCT_BUNDLE_IDENTIFIER = UFPE.StudentLearningObjectives;
				PRODUCT_NAME = "$(TARGET_NAME)";
				SWIFT_VERSION = 4.2;
			};
			name = Debug;
		};
		DA3DADDD218BEB890072126F /* Release */ = {
			isa = XCBuildConfiguration;
			buildSettings = {
				ASSETCATALOG_COMPILER_APPICON_NAME = AppIcon;
				CODE_SIGN_ENTITLEMENTS = StudentLearningObjectives/StudentLearningObjectives.entitlements;
				CODE_SIGN_STYLE = Automatic;
				COMBINE_HIDPI_IMAGES = YES;
				DEVELOPMENT_TEAM = W9776K89F4;
				INFOPLIST_FILE = StudentLearningObjectives/Info.plist;
				LD_RUNPATH_SEARCH_PATHS = (
					"$(inherited)",
					"@executable_path/../Frameworks",
				);
				PRODUCT_BUNDLE_IDENTIFIER = UFPE.StudentLearningObjectives;
				PRODUCT_NAME = "$(TARGET_NAME)";
				SWIFT_VERSION = 4.2;
			};
			name = Release;
		};
		DA3DADDF218BEB890072126F /* Debug */ = {
			isa = XCBuildConfiguration;
			buildSettings = {
				ALWAYS_EMBED_SWIFT_STANDARD_LIBRARIES = YES;
				BUNDLE_LOADER = "$(TEST_HOST)";
				CODE_SIGN_STYLE = Automatic;
				COMBINE_HIDPI_IMAGES = YES;
				DEVELOPMENT_TEAM = W9776K89F4;
				INFOPLIST_FILE = StudentLearningObjectivesTests/Info.plist;
				LD_RUNPATH_SEARCH_PATHS = (
					"$(inherited)",
					"@executable_path/../Frameworks",
					"@loader_path/../Frameworks",
				);
				PRODUCT_BUNDLE_IDENTIFIER = UFPE.StudentLearningObjectivesTests;
				PRODUCT_NAME = "$(TARGET_NAME)";
				SWIFT_VERSION = 4.2;
				TEST_HOST = "$(BUILT_PRODUCTS_DIR)/StudentLearningObjectives.app/Contents/MacOS/StudentLearningObjectives";
			};
			name = Debug;
		};
		DA3DADE0218BEB890072126F /* Release */ = {
			isa = XCBuildConfiguration;
			buildSettings = {
				ALWAYS_EMBED_SWIFT_STANDARD_LIBRARIES = YES;
				BUNDLE_LOADER = "$(TEST_HOST)";
				CODE_SIGN_STYLE = Automatic;
				COMBINE_HIDPI_IMAGES = YES;
				DEVELOPMENT_TEAM = W9776K89F4;
				INFOPLIST_FILE = StudentLearningObjectivesTests/Info.plist;
				LD_RUNPATH_SEARCH_PATHS = (
					"$(inherited)",
					"@executable_path/../Frameworks",
					"@loader_path/../Frameworks",
				);
				PRODUCT_BUNDLE_IDENTIFIER = UFPE.StudentLearningObjectivesTests;
				PRODUCT_NAME = "$(TARGET_NAME)";
				SWIFT_VERSION = 4.2;
				TEST_HOST = "$(BUILT_PRODUCTS_DIR)/StudentLearningObjectives.app/Contents/MacOS/StudentLearningObjectives";
			};
			name = Release;
		};
		DA3DADE2218BEB890072126F /* Debug */ = {
			isa = XCBuildConfiguration;
			buildSettings = {
				ALWAYS_EMBED_SWIFT_STANDARD_LIBRARIES = YES;
				CODE_SIGN_STYLE = Automatic;
				COMBINE_HIDPI_IMAGES = YES;
				DEVELOPMENT_TEAM = W9776K89F4;
				INFOPLIST_FILE = StudentLearningObjectivesUITests/Info.plist;
				LD_RUNPATH_SEARCH_PATHS = (
					"$(inherited)",
					"@executable_path/../Frameworks",
					"@loader_path/../Frameworks",
				);
				PRODUCT_BUNDLE_IDENTIFIER = UFPE.StudentLearningObjectivesUITests;
				PRODUCT_NAME = "$(TARGET_NAME)";
				SWIFT_VERSION = 4.2;
				TEST_TARGET_NAME = StudentLearningObjectives;
			};
			name = Debug;
		};
		DA3DADE3218BEB890072126F /* Release */ = {
			isa = XCBuildConfiguration;
			buildSettings = {
				ALWAYS_EMBED_SWIFT_STANDARD_LIBRARIES = YES;
				CODE_SIGN_STYLE = Automatic;
				COMBINE_HIDPI_IMAGES = YES;
				DEVELOPMENT_TEAM = W9776K89F4;
				INFOPLIST_FILE = StudentLearningObjectivesUITests/Info.plist;
				LD_RUNPATH_SEARCH_PATHS = (
					"$(inherited)",
					"@executable_path/../Frameworks",
					"@loader_path/../Frameworks",
				);
				PRODUCT_BUNDLE_IDENTIFIER = UFPE.StudentLearningObjectivesUITests;
				PRODUCT_NAME = "$(TARGET_NAME)";
				SWIFT_VERSION = 4.2;
				TEST_TARGET_NAME = StudentLearningObjectives;
			};
			name = Release;
		};
/* End XCBuildConfiguration section */

/* Begin XCConfigurationList section */
		DA3DADAD218BEB870072126F /* Build configuration list for PBXProject "StudentLearningObjectives" */ = {
			isa = XCConfigurationList;
			buildConfigurations = (
				DA3DADD9218BEB890072126F /* Debug */,
				DA3DADDA218BEB890072126F /* Release */,
			);
			defaultConfigurationIsVisible = 0;
			defaultConfigurationName = Release;
		};
		DA3DADDB218BEB890072126F /* Build configuration list for PBXNativeTarget "StudentLearningObjectives" */ = {
			isa = XCConfigurationList;
			buildConfigurations = (
				DA3DADDC218BEB890072126F /* Debug */,
				DA3DADDD218BEB890072126F /* Release */,
			);
			defaultConfigurationIsVisible = 0;
			defaultConfigurationName = Release;
		};
		DA3DADDE218BEB890072126F /* Build configuration list for PBXNativeTarget "StudentLearningObjectivesTests" */ = {
			isa = XCConfigurationList;
			buildConfigurations = (
				DA3DADDF218BEB890072126F /* Debug */,
				DA3DADE0218BEB890072126F /* Release */,
			);
			defaultConfigurationIsVisible = 0;
			defaultConfigurationName = Release;
		};
		DA3DADE1218BEB890072126F /* Build configuration list for PBXNativeTarget "StudentLearningObjectivesUITests" */ = {
			isa = XCConfigurationList;
			buildConfigurations = (
				DA3DADE2218BEB890072126F /* Debug */,
				DA3DADE3218BEB890072126F /* Release */,
			);
			defaultConfigurationIsVisible = 0;
			defaultConfigurationName = Release;
		};
/* End XCConfigurationList section */

/* Begin XCVersionGroup section */
		DA3DADB9218BEB870072126F /* StudentLearningObjectives.xcdatamodeld */ = {
			isa = XCVersionGroup;
			children = (
				DA3DADBA218BEB870072126F /* StudentLearningObjectives.xcdatamodel */,
			);
			currentVersion = DA3DADBA218BEB870072126F /* StudentLearningObjectives.xcdatamodel */;
			path = StudentLearningObjectives.xcdatamodeld;
			sourceTree = "<group>";
			versionGroupType = wrapper.xcdatamodel;
		};
		DA82CB5B219F4F8C0057F948 /* CBLSprintDataModel.xcdatamodeld */ = {
			isa = XCVersionGroup;
			children = (
				DA82CB5C219F4F8C0057F948 /* CBLSprintDataModel.xcdatamodel */,
			);
			currentVersion = DA82CB5C219F4F8C0057F948 /* CBLSprintDataModel.xcdatamodel */;
			path = CBLSprintDataModel.xcdatamodeld;
			sourceTree = "<group>";
			versionGroupType = wrapper.xcdatamodel;
		};
/* End XCVersionGroup section */
	};
	rootObject = DA3DADAA218BEB870072126F /* Project object */;
}
